
Microsoft Visual Studio Solution File, Format Version 12.00
# Visual Studio Version 17
VisualStudioVersion = 17.0.32112.339
MinimumVisualStudioVersion = 10.0.40219.1
Project("{FAE04EC0-301F-11D3-BF4B-00C04F79EFBC}") = "N01522297_Assignment2_JoshColvin", "N01522297_Assignment2_JoshColvin\N01522297_Assignment2_JoshColvin.csproj", "{06591189-C23B-4F0F-A4DA-B2724C2F1209}"
EndProject
Global
	GlobalSection(SolutionConfigurationPlatforms) = preSolution
		Debug|Any CPU = Debug|Any CPU
		Release|Any CPU = Release|Any CPU
	EndGlobalSection
	GlobalSection(ProjectConfigurationPlatforms) = postSolution
		{06591189-C23B-4F0F-A4DA-B2724C2F1209}.Debug|Any CPU.ActiveCfg = Debug|Any CPU
		{06591189-C23B-4F0F-A4DA-B2724C2F1209}.Debug|Any CPU.Build.0 = Debug|Any CPU
		{06591189-C23B-4F0F-A4DA-B2724C2F1209}.Release|Any CPU.ActiveCfg = Release|Any CPU
		{06591189-C23B-4F0F-A4DA-B2724C2F1209}.Release|Any CPU.Build.0 = Release|Any CPU
	EndGlobalSection
	GlobalSection(SolutionProperties) = preSolution
		HideSolutionNode = FALSE
	EndGlobalSection
	GlobalSection(ExtensibilityGlobals) = postSolution
		SolutionGuid = {87D372A8-ECF4-480F-9A67-A7673C61163D}
	EndGlobalSection
EndGlobal
